// !$*UTF8*$!
{
	archiveVersion = 1;
	classes = {
	};
	objectVersion = 56;
	objects = {

/* Begin PBXBuildFile section */
		484540932B408FAC00A60118 /* AppDelegate.swift in Sources */ = {isa = PBXBuildFile; fileRef = 484540922B408FAC00A60118 /* AppDelegate.swift */; };
		484540952B408FAC00A60118 /* SceneDelegate.swift in Sources */ = {isa = PBXBuildFile; fileRef = 484540942B408FAC00A60118 /* SceneDelegate.swift */; };
		4845409C2B408FB200A60118 /* Assets.xcassets in Resources */ = {isa = PBXBuildFile; fileRef = 4845409B2B408FB200A60118 /* Assets.xcassets */; };
		4845409F2B408FB200A60118 /* LaunchScreen.storyboard in Resources */ = {isa = PBXBuildFile; fileRef = 4845409D2B408FB200A60118 /* LaunchScreen.storyboard */; };
		484540A82B40A32F00A60118 /* SearchVC.swift in Sources */ = {isa = PBXBuildFile; fileRef = 484540A72B40A32F00A60118 /* SearchVC.swift */; };
		484540AA2B40A35100A60118 /* FavoritesListVC.swift in Sources */ = {isa = PBXBuildFile; fileRef = 484540A92B40A35100A60118 /* FavoritesListVC.swift */; };
		484540AC2B40AAC400A60118 /* GHButton.swift in Sources */ = {isa = PBXBuildFile; fileRef = 484540AB2B40AAC400A60118 /* GHButton.swift */; };
		484540AE2B40ACD100A60118 /* GHTextField.swift in Sources */ = {isa = PBXBuildFile; fileRef = 484540AD2B40ACD100A60118 /* GHTextField.swift */; };
		484540B02B41BADD00A60118 /* FollowerListVC.swift in Sources */ = {isa = PBXBuildFile; fileRef = 484540AF2B41BADD00A60118 /* FollowerListVC.swift */; };
		484540B22B43106F00A60118 /* GHTitleLabel.swift in Sources */ = {isa = PBXBuildFile; fileRef = 484540B12B43106F00A60118 /* GHTitleLabel.swift */; };
		484540B42B43126800A60118 /* GHBodyLabel.swift in Sources */ = {isa = PBXBuildFile; fileRef = 484540B32B43126800A60118 /* GHBodyLabel.swift */; };
		484540B62B4319BA00A60118 /* GHAlertVC.swift in Sources */ = {isa = PBXBuildFile; fileRef = 484540B52B4319BA00A60118 /* GHAlertVC.swift */; };
		484540B82B4457CD00A60118 /* UIViewController+Extension.swift in Sources */ = {isa = PBXBuildFile; fileRef = 484540B72B4457CC00A60118 /* UIViewController+Extension.swift */; };
		484540BF2B44B63700A60118 /* Follower.swift in Sources */ = {isa = PBXBuildFile; fileRef = 484540BE2B44B63700A60118 /* Follower.swift */; };
		484540C12B44B66200A60118 /* User.swift in Sources */ = {isa = PBXBuildFile; fileRef = 484540C02B44B66200A60118 /* User.swift */; };
		484540C42B46A15800A60118 /* NetworkManager.swift in Sources */ = {isa = PBXBuildFile; fileRef = 484540C32B46A15800A60118 /* NetworkManager.swift */; };
		484540C72B46C12900A60118 /* ErrorMessage.swift in Sources */ = {isa = PBXBuildFile; fileRef = 484540C62B46C12900A60118 /* ErrorMessage.swift */; };
		484540CA2B46CD8A00A60118 /* FollowerCollectionViewCell.swift in Sources */ = {isa = PBXBuildFile; fileRef = 484540C92B46CD8A00A60118 /* FollowerCollectionViewCell.swift */; };
		484540CC2B46CE0A00A60118 /* GHAvatarImageView.swift in Sources */ = {isa = PBXBuildFile; fileRef = 484540CB2B46CE0A00A60118 /* GHAvatarImageView.swift */; };
		484540CE2B484A8C00A60118 /* UIHelper.swift in Sources */ = {isa = PBXBuildFile; fileRef = 484540CD2B484A8B00A60118 /* UIHelper.swift */; };
		484540D62B4C5DB800A60118 /* GHEmptyStateView.swift in Sources */ = {isa = PBXBuildFile; fileRef = 484540D52B4C5DB800A60118 /* GHEmptyStateView.swift */; };
		484540D82B4DA4BF00A60118 /* UserInfoVC.swift in Sources */ = {isa = PBXBuildFile; fileRef = 484540D72B4DA4BE00A60118 /* UserInfoVC.swift */; };
		484540DA2B53FA8600A60118 /* GHUserInfoHeaderVC.swift in Sources */ = {isa = PBXBuildFile; fileRef = 484540D92B53FA8500A60118 /* GHUserInfoHeaderVC.swift */; };
		484540DC2B540C0700A60118 /* GHSecondaryTitleLabel.swift in Sources */ = {isa = PBXBuildFile; fileRef = 484540DB2B540C0700A60118 /* GHSecondaryTitleLabel.swift */; };
		484540DE2B542F3C00A60118 /* Constants.swift in Sources */ = {isa = PBXBuildFile; fileRef = 484540DD2B542F3B00A60118 /* Constants.swift */; };
		484540E02B5E7A1500A60118 /* GHItemInfoView.swift in Sources */ = {isa = PBXBuildFile; fileRef = 484540DF2B5E7A1400A60118 /* GHItemInfoView.swift */; };
		484540E22B5E89D800A60118 /* GHItemInfoVC.swift in Sources */ = {isa = PBXBuildFile; fileRef = 484540E12B5E89D700A60118 /* GHItemInfoVC.swift */; };
		484540E42B5E8C0E00A60118 /* GHRepoItemVC.swift in Sources */ = {isa = PBXBuildFile; fileRef = 484540E32B5E8C0E00A60118 /* GHRepoItemVC.swift */; };
		484540E62B5E8D9900A60118 /* GHFollowerItemVC.swift in Sources */ = {isa = PBXBuildFile; fileRef = 484540E52B5E8D9900A60118 /* GHFollowerItemVC.swift */; };
		484540E92B5E940C00A60118 /* Date+Extensions.swift in Sources */ = {isa = PBXBuildFile; fileRef = 484540E82B5E940C00A60118 /* Date+Extensions.swift */; };
		484540EB2B5E941600A60118 /* String+Extensions.swift in Sources */ = {isa = PBXBuildFile; fileRef = 484540EA2B5E941600A60118 /* String+Extensions.swift */; };
		484540ED2B5EEFF500A60118 /* PersistenceManager.swift in Sources */ = {isa = PBXBuildFile; fileRef = 484540EC2B5EEFF500A60118 /* PersistenceManager.swift */; };
		484540EF2B5FD89400A60118 /* FavoriteCell.swift in Sources */ = {isa = PBXBuildFile; fileRef = 484540EE2B5FD89400A60118 /* FavoriteCell.swift */; };
		48D6CB882B65525800109506 /* GHTabBarController.swift in Sources */ = {isa = PBXBuildFile; fileRef = 48D6CB872B65525800109506 /* GHTabBarController.swift */; };
/* End PBXBuildFile section */

/* Begin PBXFileReference section */
		4845408F2B408FAC00A60118 /* GHFollowers.app */ = {isa = PBXFileReference; explicitFileType = wrapper.application; includeInIndex = 0; path = GHFollowers.app; sourceTree = BUILT_PRODUCTS_DIR; };
		484540922B408FAC00A60118 /* AppDelegate.swift */ = {isa = PBXFileReference; lastKnownFileType = sourcecode.swift; path = AppDelegate.swift; sourceTree = "<group>"; };
		484540942B408FAC00A60118 /* SceneDelegate.swift */ = {isa = PBXFileReference; lastKnownFileType = sourcecode.swift; path = SceneDelegate.swift; sourceTree = "<group>"; };
		4845409B2B408FB200A60118 /* Assets.xcassets */ = {isa = PBXFileReference; lastKnownFileType = folder.assetcatalog; path = Assets.xcassets; sourceTree = "<group>"; };
		4845409E2B408FB200A60118 /* Base */ = {isa = PBXFileReference; lastKnownFileType = file.storyboard; name = Base; path = Base.lproj/LaunchScreen.storyboard; sourceTree = "<group>"; };
		484540A02B408FB200A60118 /* Info.plist */ = {isa = PBXFileReference; lastKnownFileType = text.plist.xml; path = Info.plist; sourceTree = "<group>"; };
		484540A62B40906D00A60118 /* README.md */ = {isa = PBXFileReference; lastKnownFileType = net.daringfireball.markdown; path = README.md; sourceTree = "<group>"; };
		484540A72B40A32F00A60118 /* SearchVC.swift */ = {isa = PBXFileReference; lastKnownFileType = sourcecode.swift; path = SearchVC.swift; sourceTree = "<group>"; };
		484540A92B40A35100A60118 /* FavoritesListVC.swift */ = {isa = PBXFileReference; lastKnownFileType = sourcecode.swift; path = FavoritesListVC.swift; sourceTree = "<group>"; };
		484540AB2B40AAC400A60118 /* GHButton.swift */ = {isa = PBXFileReference; lastKnownFileType = sourcecode.swift; path = GHButton.swift; sourceTree = "<group>"; };
		484540AD2B40ACD100A60118 /* GHTextField.swift */ = {isa = PBXFileReference; lastKnownFileType = sourcecode.swift; path = GHTextField.swift; sourceTree = "<group>"; };
		484540AF2B41BADD00A60118 /* FollowerListVC.swift */ = {isa = PBXFileReference; lastKnownFileType = sourcecode.swift; path = FollowerListVC.swift; sourceTree = "<group>"; };
		484540B12B43106F00A60118 /* GHTitleLabel.swift */ = {isa = PBXFileReference; lastKnownFileType = sourcecode.swift; path = GHTitleLabel.swift; sourceTree = "<group>"; };
		484540B32B43126800A60118 /* GHBodyLabel.swift */ = {isa = PBXFileReference; lastKnownFileType = sourcecode.swift; path = GHBodyLabel.swift; sourceTree = "<group>"; };
		484540B52B4319BA00A60118 /* GHAlertVC.swift */ = {isa = PBXFileReference; lastKnownFileType = sourcecode.swift; path = GHAlertVC.swift; sourceTree = "<group>"; };
		484540B72B4457CC00A60118 /* UIViewController+Extension.swift */ = {isa = PBXFileReference; lastKnownFileType = sourcecode.swift; path = "UIViewController+Extension.swift"; sourceTree = "<group>"; };
		484540BE2B44B63700A60118 /* Follower.swift */ = {isa = PBXFileReference; lastKnownFileType = sourcecode.swift; path = Follower.swift; sourceTree = "<group>"; };
		484540C02B44B66200A60118 /* User.swift */ = {isa = PBXFileReference; lastKnownFileType = sourcecode.swift; path = User.swift; sourceTree = "<group>"; };
		484540C32B46A15800A60118 /* NetworkManager.swift */ = {isa = PBXFileReference; lastKnownFileType = sourcecode.swift; path = NetworkManager.swift; sourceTree = "<group>"; };
		484540C62B46C12900A60118 /* ErrorMessage.swift */ = {isa = PBXFileReference; lastKnownFileType = sourcecode.swift; path = ErrorMessage.swift; sourceTree = "<group>"; };
		484540C92B46CD8A00A60118 /* FollowerCollectionViewCell.swift */ = {isa = PBXFileReference; lastKnownFileType = sourcecode.swift; path = FollowerCollectionViewCell.swift; sourceTree = "<group>"; };
		484540CB2B46CE0A00A60118 /* GHAvatarImageView.swift */ = {isa = PBXFileReference; lastKnownFileType = sourcecode.swift; path = GHAvatarImageView.swift; sourceTree = "<group>"; };
		484540CD2B484A8B00A60118 /* UIHelper.swift */ = {isa = PBXFileReference; lastKnownFileType = sourcecode.swift; path = UIHelper.swift; sourceTree = "<group>"; };
		484540D52B4C5DB800A60118 /* GHEmptyStateView.swift */ = {isa = PBXFileReference; lastKnownFileType = sourcecode.swift; path = GHEmptyStateView.swift; sourceTree = "<group>"; };
		484540D72B4DA4BE00A60118 /* UserInfoVC.swift */ = {isa = PBXFileReference; lastKnownFileType = sourcecode.swift; path = UserInfoVC.swift; sourceTree = "<group>"; };
		484540D92B53FA8500A60118 /* GHUserInfoHeaderVC.swift */ = {isa = PBXFileReference; lastKnownFileType = sourcecode.swift; path = GHUserInfoHeaderVC.swift; sourceTree = "<group>"; };
		484540DB2B540C0700A60118 /* GHSecondaryTitleLabel.swift */ = {isa = PBXFileReference; lastKnownFileType = sourcecode.swift; path = GHSecondaryTitleLabel.swift; sourceTree = "<group>"; };
		484540DD2B542F3B00A60118 /* Constants.swift */ = {isa = PBXFileReference; lastKnownFileType = sourcecode.swift; path = Constants.swift; sourceTree = "<group>"; };
		484540DF2B5E7A1400A60118 /* GHItemInfoView.swift */ = {isa = PBXFileReference; lastKnownFileType = sourcecode.swift; path = GHItemInfoView.swift; sourceTree = "<group>"; };
		484540E12B5E89D700A60118 /* GHItemInfoVC.swift */ = {isa = PBXFileReference; lastKnownFileType = sourcecode.swift; path = GHItemInfoVC.swift; sourceTree = "<group>"; };
		484540E32B5E8C0E00A60118 /* GHRepoItemVC.swift */ = {isa = PBXFileReference; lastKnownFileType = sourcecode.swift; path = GHRepoItemVC.swift; sourceTree = "<group>"; };
		484540E52B5E8D9900A60118 /* GHFollowerItemVC.swift */ = {isa = PBXFileReference; lastKnownFileType = sourcecode.swift; path = GHFollowerItemVC.swift; sourceTree = "<group>"; };
		484540E82B5E940C00A60118 /* Date+Extensions.swift */ = {isa = PBXFileReference; lastKnownFileType = sourcecode.swift; path = "Date+Extensions.swift"; sourceTree = "<group>"; };
		484540EA2B5E941600A60118 /* String+Extensions.swift */ = {isa = PBXFileReference; lastKnownFileType = sourcecode.swift; path = "String+Extensions.swift"; sourceTree = "<group>"; };
		484540EC2B5EEFF500A60118 /* PersistenceManager.swift */ = {isa = PBXFileReference; lastKnownFileType = sourcecode.swift; path = PersistenceManager.swift; sourceTree = "<group>"; };
		484540EE2B5FD89400A60118 /* FavoriteCell.swift */ = {isa = PBXFileReference; lastKnownFileType = sourcecode.swift; path = FavoriteCell.swift; sourceTree = "<group>"; };
		48D6CB872B65525800109506 /* GHTabBarController.swift */ = {isa = PBXFileReference; lastKnownFileType = sourcecode.swift; path = GHTabBarController.swift; sourceTree = "<group>"; };
/* End PBXFileReference section */

/* Begin PBXFrameworksBuildPhase section */
		4845408C2B408FAC00A60118 /* Frameworks */ = {
			isa = PBXFrameworksBuildPhase;
			buildActionMask = 2147483647;
			files = (
			);
			runOnlyForDeploymentPostprocessing = 0;
		};
/* End PBXFrameworksBuildPhase section */

/* Begin PBXGroup section */
		484540862B408FAB00A60118 = {
			isa = PBXGroup;
			children = (
				484540A62B40906D00A60118 /* README.md */,
				484540912B408FAC00A60118 /* GHFollowers */,
				484540902B408FAC00A60118 /* Products */,
			);
			sourceTree = "<group>";
		};
		484540902B408FAC00A60118 /* Products */ = {
			isa = PBXGroup;
			children = (
				4845408F2B408FAC00A60118 /* GHFollowers.app */,
			);
			name = Products;
			sourceTree = "<group>";
		};
		484540912B408FAC00A60118 /* GHFollowers */ = {
			isa = PBXGroup;
			children = (
				484540C52B46C11500A60118 /* Utilities */,
				484540C22B46A14400A60118 /* Managers */,
				484540BD2B44B62C00A60118 /* Model */,
				484540BC2B445C9200A60118 /* Support */,
				484540BB2B445C4300A60118 /* Extensions */,
				484540BA2B445C2100A60118 /* CustomViews */,
				484540B92B445BCC00A60118 /* Controllers */,
				484540A02B408FB200A60118 /* Info.plist */,
			);
			path = GHFollowers;
			sourceTree = "<group>";
		};
		484540B92B445BCC00A60118 /* Controllers */ = {
			isa = PBXGroup;
			children = (
				484540A72B40A32F00A60118 /* SearchVC.swift */,
				484540AF2B41BADD00A60118 /* FollowerListVC.swift */,
				484540A92B40A35100A60118 /* FavoritesListVC.swift */,
				484540D72B4DA4BE00A60118 /* UserInfoVC.swift */,
			);
			path = Controllers;
			sourceTree = "<group>";
		};
		484540BA2B445C2100A60118 /* CustomViews */ = {
			isa = PBXGroup;
			children = (
				48D6CB862B65523B00109506 /* TabbarControllers */,
				484540D42B4C5DA300A60118 /* Views */,
				484540D32B4C5D6700A60118 /* ViewControllers */,
				484540D22B4C5D3E00A60118 /* Labels */,
				484540D12B4C5D1700A60118 /* ImageViews */,
				484540D02B4C5D1200A60118 /* TextFields */,
				484540CF2B4C5D0D00A60118 /* Buttons */,
				484540C82B46CD6B00A60118 /* Cells */,
			);
			path = CustomViews;
			sourceTree = "<group>";
		};
		484540BB2B445C4300A60118 /* Extensions */ = {
			isa = PBXGroup;
			children = (
				484540B72B4457CC00A60118 /* UIViewController+Extension.swift */,
				484540E82B5E940C00A60118 /* Date+Extensions.swift */,
				484540EA2B5E941600A60118 /* String+Extensions.swift */,
			);
			path = Extensions;
			sourceTree = "<group>";
		};
		484540BC2B445C9200A60118 /* Support */ = {
			isa = PBXGroup;
			children = (
				484540922B408FAC00A60118 /* AppDelegate.swift */,
				484540942B408FAC00A60118 /* SceneDelegate.swift */,
				4845409B2B408FB200A60118 /* Assets.xcassets */,
				4845409D2B408FB200A60118 /* LaunchScreen.storyboard */,
			);
			path = Support;
			sourceTree = "<group>";
		};
		484540BD2B44B62C00A60118 /* Model */ = {
			isa = PBXGroup;
			children = (
				484540BE2B44B63700A60118 /* Follower.swift */,
				484540C02B44B66200A60118 /* User.swift */,
			);
			path = Model;
			sourceTree = "<group>";
		};
		484540C22B46A14400A60118 /* Managers */ = {
			isa = PBXGroup;
			children = (
				484540C32B46A15800A60118 /* NetworkManager.swift */,
				484540EC2B5EEFF500A60118 /* PersistenceManager.swift */,
			);
			path = Managers;
			sourceTree = "<group>";
		};
		484540C52B46C11500A60118 /* Utilities */ = {
			isa = PBXGroup;
			children = (
				484540C62B46C12900A60118 /* ErrorMessage.swift */,
				484540CD2B484A8B00A60118 /* UIHelper.swift */,
				484540DD2B542F3B00A60118 /* Constants.swift */,
			);
			path = Utilities;
			sourceTree = "<group>";
		};
		484540C82B46CD6B00A60118 /* Cells */ = {
			isa = PBXGroup;
			children = (
				484540C92B46CD8A00A60118 /* FollowerCollectionViewCell.swift */,
				484540EE2B5FD89400A60118 /* FavoriteCell.swift */,
			);
			path = Cells;
			sourceTree = "<group>";
		};
		484540CF2B4C5D0D00A60118 /* Buttons */ = {
			isa = PBXGroup;
			children = (
				484540AB2B40AAC400A60118 /* GHButton.swift */,
			);
			path = Buttons;
			sourceTree = "<group>";
		};
		484540D02B4C5D1200A60118 /* TextFields */ = {
			isa = PBXGroup;
			children = (
				484540AD2B40ACD100A60118 /* GHTextField.swift */,
			);
			path = TextFields;
			sourceTree = "<group>";
		};
		484540D12B4C5D1700A60118 /* ImageViews */ = {
			isa = PBXGroup;
			children = (
				484540CB2B46CE0A00A60118 /* GHAvatarImageView.swift */,
			);
			path = ImageViews;
			sourceTree = "<group>";
		};
		484540D22B4C5D3E00A60118 /* Labels */ = {
			isa = PBXGroup;
			children = (
				484540B12B43106F00A60118 /* GHTitleLabel.swift */,
				484540B32B43126800A60118 /* GHBodyLabel.swift */,
				484540DB2B540C0700A60118 /* GHSecondaryTitleLabel.swift */,
			);
			path = Labels;
			sourceTree = "<group>";
		};
		484540D32B4C5D6700A60118 /* ViewControllers */ = {
			isa = PBXGroup;
			children = (
				484540E72B5E8DE400A60118 /* ItemInfoVCs */,
				484540B52B4319BA00A60118 /* GHAlertVC.swift */,
				484540D92B53FA8500A60118 /* GHUserInfoHeaderVC.swift */,
			);
			path = ViewControllers;
			sourceTree = "<group>";
		};
		484540D42B4C5DA300A60118 /* Views */ = {
			isa = PBXGroup;
			children = (
				484540D52B4C5DB800A60118 /* GHEmptyStateView.swift */,
				484540DF2B5E7A1400A60118 /* GHItemInfoView.swift */,
			);
			path = Views;
			sourceTree = "<group>";
		};
		484540E72B5E8DE400A60118 /* ItemInfoVCs */ = {
			isa = PBXGroup;
			children = (
				484540E12B5E89D700A60118 /* GHItemInfoVC.swift */,
				484540E32B5E8C0E00A60118 /* GHRepoItemVC.swift */,
				484540E52B5E8D9900A60118 /* GHFollowerItemVC.swift */,
			);
			path = ItemInfoVCs;
			sourceTree = "<group>";
		};
		48D6CB862B65523B00109506 /* TabbarControllers */ = {
			isa = PBXGroup;
			children = (
				48D6CB872B65525800109506 /* GHTabBarController.swift */,
			);
			path = TabbarControllers;
			sourceTree = "<group>";
		};
/* End PBXGroup section */

/* Begin PBXNativeTarget section */
		4845408E2B408FAC00A60118 /* GHFollowers */ = {
			isa = PBXNativeTarget;
			buildConfigurationList = 484540A32B408FB200A60118 /* Build configuration list for PBXNativeTarget "GHFollowers" */;
			buildPhases = (
				4845408B2B408FAC00A60118 /* Sources */,
				4845408C2B408FAC00A60118 /* Frameworks */,
				4845408D2B408FAC00A60118 /* Resources */,
			);
			buildRules = (
			);
			dependencies = (
			);
			name = GHFollowers;
			productName = GHFollowers;
			productReference = 4845408F2B408FAC00A60118 /* GHFollowers.app */;
			productType = "com.apple.product-type.application";
		};
/* End PBXNativeTarget section */

/* Begin PBXProject section */
		484540872B408FAB00A60118 /* Project object */ = {
			isa = PBXProject;
			attributes = {
				BuildIndependentTargetsInParallel = 1;
				LastSwiftUpdateCheck = 1500;
				LastUpgradeCheck = 1500;
				TargetAttributes = {
					4845408E2B408FAC00A60118 = {
						CreatedOnToolsVersion = 15.0.1;
					};
				};
			};
			buildConfigurationList = 4845408A2B408FAB00A60118 /* Build configuration list for PBXProject "GHFollowers" */;
			compatibilityVersion = "Xcode 14.0";
			developmentRegion = en;
			hasScannedForEncodings = 0;
			knownRegions = (
				en,
				Base,
			);
			mainGroup = 484540862B408FAB00A60118;
			productRefGroup = 484540902B408FAC00A60118 /* Products */;
			projectDirPath = "";
			projectRoot = "";
			targets = (
				4845408E2B408FAC00A60118 /* GHFollowers */,
			);
		};
/* End PBXProject section */

/* Begin PBXResourcesBuildPhase section */
		4845408D2B408FAC00A60118 /* Resources */ = {
			isa = PBXResourcesBuildPhase;
			buildActionMask = 2147483647;
			files = (
				4845409F2B408FB200A60118 /* LaunchScreen.storyboard in Resources */,
				4845409C2B408FB200A60118 /* Assets.xcassets in Resources */,
			);
			runOnlyForDeploymentPostprocessing = 0;
		};
/* End PBXResourcesBuildPhase section */

/* Begin PBXSourcesBuildPhase section */
		4845408B2B408FAC00A60118 /* Sources */ = {
			isa = PBXSourcesBuildPhase;
			buildActionMask = 2147483647;
			files = (
				484540DA2B53FA8600A60118 /* GHUserInfoHeaderVC.swift in Sources */,
				484540C12B44B66200A60118 /* User.swift in Sources */,
				484540AC2B40AAC400A60118 /* GHButton.swift in Sources */,
				484540DC2B540C0700A60118 /* GHSecondaryTitleLabel.swift in Sources */,
				484540B82B4457CD00A60118 /* UIViewController+Extension.swift in Sources */,
				484540AA2B40A35100A60118 /* FavoritesListVC.swift in Sources */,
				484540E22B5E89D800A60118 /* GHItemInfoVC.swift in Sources */,
				484540DE2B542F3C00A60118 /* Constants.swift in Sources */,
				484540AE2B40ACD100A60118 /* GHTextField.swift in Sources */,
				484540E92B5E940C00A60118 /* Date+Extensions.swift in Sources */,
				484540CE2B484A8C00A60118 /* UIHelper.swift in Sources */,
				484540E42B5E8C0E00A60118 /* GHRepoItemVC.swift in Sources */,
				484540A82B40A32F00A60118 /* SearchVC.swift in Sources */,
				484540E62B5E8D9900A60118 /* GHFollowerItemVC.swift in Sources */,
				484540EF2B5FD89400A60118 /* FavoriteCell.swift in Sources */,
				484540B02B41BADD00A60118 /* FollowerListVC.swift in Sources */,
				484540C72B46C12900A60118 /* ErrorMessage.swift in Sources */,
				484540E02B5E7A1500A60118 /* GHItemInfoView.swift in Sources */,
				484540CA2B46CD8A00A60118 /* FollowerCollectionViewCell.swift in Sources */,
				484540932B408FAC00A60118 /* AppDelegate.swift in Sources */,
				484540BF2B44B63700A60118 /* Follower.swift in Sources */,
				484540B62B4319BA00A60118 /* GHAlertVC.swift in Sources */,
				484540ED2B5EEFF500A60118 /* PersistenceManager.swift in Sources */,
				484540C42B46A15800A60118 /* NetworkManager.swift in Sources */,
				484540CC2B46CE0A00A60118 /* GHAvatarImageView.swift in Sources */,
				484540B42B43126800A60118 /* GHBodyLabel.swift in Sources */,
				484540EB2B5E941600A60118 /* String+Extensions.swift in Sources */,
				484540B22B43106F00A60118 /* GHTitleLabel.swift in Sources */,
				484540D62B4C5DB800A60118 /* GHEmptyStateView.swift in Sources */,
				484540952B408FAC00A60118 /* SceneDelegate.swift in Sources */,
				484540D82B4DA4BF00A60118 /* UserInfoVC.swift in Sources */,
				48D6CB882B65525800109506 /* GHTabBarController.swift in Sources */,
			);
			runOnlyForDeploymentPostprocessing = 0;
		};
/* End PBXSourcesBuildPhase section */

/* Begin PBXVariantGroup section */
		4845409D2B408FB200A60118 /* LaunchScreen.storyboard */ = {
			isa = PBXVariantGroup;
			children = (
				4845409E2B408FB200A60118 /* Base */,
			);
			name = LaunchScreen.storyboard;
			sourceTree = "<group>";
		};
/* End PBXVariantGroup section */

/* Begin XCBuildConfiguration section */
		484540A12B408FB200A60118 /* Debug */ = {
			isa = XCBuildConfiguration;
			buildSettings = {
				ALWAYS_SEARCH_USER_PATHS = NO;
				ASSETCATALOG_COMPILER_GENERATE_SWIFT_ASSET_SYMBOL_EXTENSIONS = YES;
				CLANG_ANALYZER_NONNULL = YES;
				CLANG_ANALYZER_NUMBER_OBJECT_CONVERSION = YES_AGGRESSIVE;
				CLANG_CXX_LANGUAGE_STANDARD = "gnu++20";
				CLANG_ENABLE_MODULES = YES;
				CLANG_ENABLE_OBJC_ARC = YES;
				CLANG_ENABLE_OBJC_WEAK = YES;
				CLANG_WARN_BLOCK_CAPTURE_AUTORELEASING = YES;
				CLANG_WARN_BOOL_CONVERSION = YES;
				CLANG_WARN_COMMA = YES;
				CLANG_WARN_CONSTANT_CONVERSION = YES;
				CLANG_WARN_DEPRECATED_OBJC_IMPLEMENTATIONS = YES;
				CLANG_WARN_DIRECT_OBJC_ISA_USAGE = YES_ERROR;
				CLANG_WARN_DOCUMENTATION_COMMENTS = YES;
				CLANG_WARN_EMPTY_BODY = YES;
				CLANG_WARN_ENUM_CONVERSION = YES;
				CLANG_WARN_INFINITE_RECURSION = YES;
				CLANG_WARN_INT_CONVERSION = YES;
				CLANG_WARN_NON_LITERAL_NULL_CONVERSION = YES;
				CLANG_WARN_OBJC_IMPLICIT_RETAIN_SELF = YES;
				CLANG_WARN_OBJC_LITERAL_CONVERSION = YES;
				CLANG_WARN_OBJC_ROOT_CLASS = YES_ERROR;
				CLANG_WARN_QUOTED_INCLUDE_IN_FRAMEWORK_HEADER = YES;
				CLANG_WARN_RANGE_LOOP_ANALYSIS = YES;
				CLANG_WARN_STRICT_PROTOTYPES = YES;
				CLANG_WARN_SUSPICIOUS_MOVE = YES;
				CLANG_WARN_UNGUARDED_AVAILABILITY = YES_AGGRESSIVE;
				CLANG_WARN_UNREACHABLE_CODE = YES;
				CLANG_WARN__DUPLICATE_METHOD_MATCH = YES;
				COPY_PHASE_STRIP = NO;
				DEBUG_INFORMATION_FORMAT = dwarf;
				ENABLE_STRICT_OBJC_MSGSEND = YES;
				ENABLE_TESTABILITY = YES;
				ENABLE_USER_SCRIPT_SANDBOXING = YES;
				GCC_C_LANGUAGE_STANDARD = gnu17;
				GCC_DYNAMIC_NO_PIC = NO;
				GCC_NO_COMMON_BLOCKS = YES;
				GCC_OPTIMIZATION_LEVEL = 0;
				GCC_PREPROCESSOR_DEFINITIONS = (
					"DEBUG=1",
					"$(inherited)",
				);
				GCC_WARN_64_TO_32_BIT_CONVERSION = YES;
				GCC_WARN_ABOUT_RETURN_TYPE = YES_ERROR;
				GCC_WARN_UNDECLARED_SELECTOR = YES;
				GCC_WARN_UNINITIALIZED_AUTOS = YES_AGGRESSIVE;
				GCC_WARN_UNUSED_FUNCTION = YES;
				GCC_WARN_UNUSED_VARIABLE = YES;
				IPHONEOS_DEPLOYMENT_TARGET = 17.0;
				LOCALIZATION_PREFERS_STRING_CATALOGS = YES;
				MTL_ENABLE_DEBUG_INFO = INCLUDE_SOURCE;
				MTL_FAST_MATH = YES;
				ONLY_ACTIVE_ARCH = YES;
				SDKROOT = iphoneos;
				SWIFT_ACTIVE_COMPILATION_CONDITIONS = "DEBUG $(inherited)";
				SWIFT_OPTIMIZATION_LEVEL = "-Onone";
			};
			name = Debug;
		};
		484540A22B408FB200A60118 /* Release */ = {
			isa = XCBuildConfiguration;
			buildSettings = {
				ALWAYS_SEARCH_USER_PATHS = NO;
				ASSETCATALOG_COMPILER_GENERATE_SWIFT_ASSET_SYMBOL_EXTENSIONS = YES;
				CLANG_ANALYZER_NONNULL = YES;
				CLANG_ANALYZER_NUMBER_OBJECT_CONVERSION = YES_AGGRESSIVE;
				CLANG_CXX_LANGUAGE_STANDARD = "gnu++20";
				CLANG_ENABLE_MODULES = YES;
				CLANG_ENABLE_OBJC_ARC = YES;
				CLANG_ENABLE_OBJC_WEAK = YES;
				CLANG_WARN_BLOCK_CAPTURE_AUTORELEASING = YES;
				CLANG_WARN_BOOL_CONVERSION = YES;
				CLANG_WARN_COMMA = YES;
				CLANG_WARN_CONSTANT_CONVERSION = YES;
				CLANG_WARN_DEPRECATED_OBJC_IMPLEMENTATIONS = YES;
				CLANG_WARN_DIRECT_OBJC_ISA_USAGE = YES_ERROR;
				CLANG_WARN_DOCUMENTATION_COMMENTS = YES;
				CLANG_WARN_EMPTY_BODY = YES;
				CLANG_WARN_ENUM_CONVERSION = YES;
				CLANG_WARN_INFINITE_RECURSION = YES;
				CLANG_WARN_INT_CONVERSION = YES;
				CLANG_WARN_NON_LITERAL_NULL_CONVERSION = YES;
				CLANG_WARN_OBJC_IMPLICIT_RETAIN_SELF = YES;
				CLANG_WARN_OBJC_LITERAL_CONVERSION = YES;
				CLANG_WARN_OBJC_ROOT_CLASS = YES_ERROR;
				CLANG_WARN_QUOTED_INCLUDE_IN_FRAMEWORK_HEADER = YES;
				CLANG_WARN_RANGE_LOOP_ANALYSIS = YES;
				CLANG_WARN_STRICT_PROTOTYPES = YES;
				CLANG_WARN_SUSPICIOUS_MOVE = YES;
				CLANG_WARN_UNGUARDED_AVAILABILITY = YES_AGGRESSIVE;
				CLANG_WARN_UNREACHABLE_CODE = YES;
				CLANG_WARN__DUPLICATE_METHOD_MATCH = YES;
				COPY_PHASE_STRIP = NO;
				DEBUG_INFORMATION_FORMAT = "dwarf-with-dsym";
				ENABLE_NS_ASSERTIONS = NO;
				ENABLE_STRICT_OBJC_MSGSEND = YES;
				ENABLE_USER_SCRIPT_SANDBOXING = YES;
				GCC_C_LANGUAGE_STANDARD = gnu17;
				GCC_NO_COMMON_BLOCKS = YES;
				GCC_WARN_64_TO_32_BIT_CONVERSION = YES;
				GCC_WARN_ABOUT_RETURN_TYPE = YES_ERROR;
				GCC_WARN_UNDECLARED_SELECTOR = YES;
				GCC_WARN_UNINITIALIZED_AUTOS = YES_AGGRESSIVE;
				GCC_WARN_UNUSED_FUNCTION = YES;
				GCC_WARN_UNUSED_VARIABLE = YES;
				IPHONEOS_DEPLOYMENT_TARGET = 17.0;
				LOCALIZATION_PREFERS_STRING_CATALOGS = YES;
				MTL_ENABLE_DEBUG_INFO = NO;
				MTL_FAST_MATH = YES;
				SDKROOT = iphoneos;
				SWIFT_COMPILATION_MODE = wholemodule;
				VALIDATE_PRODUCT = YES;
			};
			name = Release;
		};
		484540A42B408FB200A60118 /* Debug */ = {
			isa = XCBuildConfiguration;
			buildSettings = {
				ASSETCATALOG_COMPILER_APPICON_NAME = AppIcon;
				ASSETCATALOG_COMPILER_GLOBAL_ACCENT_COLOR_NAME = AccentColor;
				CODE_SIGN_STYLE = Automatic;
				CURRENT_PROJECT_VERSION = 1;
				DEVELOPMENT_TEAM = 752982GXVG;
				GENERATE_INFOPLIST_FILE = YES;
				INFOPLIST_FILE = GHFollowers/Info.plist;
				INFOPLIST_KEY_UIApplicationSupportsIndirectInputEvents = YES;
				INFOPLIST_KEY_UILaunchStoryboardName = LaunchScreen;
				INFOPLIST_KEY_UISupportedInterfaceOrientations = UIInterfaceOrientationPortrait;
				INFOPLIST_KEY_UISupportedInterfaceOrientations_iPad = "UIInterfaceOrientationLandscapeLeft UIInterfaceOrientationLandscapeRight UIInterfaceOrientationPortrait UIInterfaceOrientationPortraitUpsideDown";
				IPHONEOS_DEPLOYMENT_TARGET = 13.0;
				LD_RUNPATH_SEARCH_PATHS = (
					"$(inherited)",
					"@executable_path/Frameworks",
				);
				MARKETING_VERSION = 1.0;
				PRODUCT_BUNDLE_IDENTIFIER = com.infoBurkayAtar.GHFollowers;
				PRODUCT_NAME = "$(TARGET_NAME)";
				SUPPORTED_PLATFORMS = "iphoneos iphonesimulator";
				SUPPORTS_MACCATALYST = NO;
				SUPPORTS_MAC_DESIGNED_FOR_IPHONE_IPAD = NO;
				SWIFT_EMIT_LOC_STRINGS = YES;
				SWIFT_VERSION = 5.0;
				TARGETED_DEVICE_FAMILY = 1;
			};
			name = Debug;
		};
		484540A52B408FB200A60118 /* Release */ = {
			isa = XCBuildConfiguration;
			buildSettings = {
				ASSETCATALOG_COMPILER_APPICON_NAME = AppIcon;
				ASSETCATALOG_COMPILER_GLOBAL_ACCENT_COLOR_NAME = AccentColor;
				CODE_SIGN_STYLE = Automatic;
				CURRENT_PROJECT_VERSION = 1;
				DEVELOPMENT_TEAM = 752982GXVG;
				GENERATE_INFOPLIST_FILE = YES;
				INFOPLIST_FILE = GHFollowers/Info.plist;
				INFOPLIST_KEY_UIApplicationSupportsIndirectInputEvents = YES;
				INFOPLIST_KEY_UILaunchStoryboardName = LaunchScreen;
				INFOPLIST_KEY_UISupportedInterfaceOrientations = UIInterfaceOrientationPortrait;
				INFOPLIST_KEY_UISupportedInterfaceOrientations_iPad = "UIInterfaceOrientationLandscapeLeft UIInterfaceOrientationLandscapeRight UIInterfaceOrientationPortrait UIInterfaceOrientationPortraitUpsideDown";
				IPHONEOS_DEPLOYMENT_TARGET = 13.0;
				LD_RUNPATH_SEARCH_PATHS = (
					"$(inherited)",
					"@executable_path/Frameworks",
				);
				MARKETING_VERSION = 1.0;
				PRODUCT_BUNDLE_IDENTIFIER = com.infoBurkayAtar.GHFollowers;
				PRODUCT_NAME = "$(TARGET_NAME)";
				SUPPORTED_PLATFORMS = "iphoneos iphonesimulator";
				SUPPORTS_MACCATALYST = NO;
				SUPPORTS_MAC_DESIGNED_FOR_IPHONE_IPAD = NO;
				SWIFT_EMIT_LOC_STRINGS = YES;
				SWIFT_VERSION = 5.0;
				TARGETED_DEVICE_FAMILY = 1;
			};
			name = Release;
		};
/* End XCBuildConfiguration section */

/* Begin XCConfigurationList section */
		4845408A2B408FAB00A60118 /* Build configuration list for PBXProject "GHFollowers" */ = {
			isa = XCConfigurationList;
			buildConfigurations = (
				484540A12B408FB200A60118 /* Debug */,
				484540A22B408FB200A60118 /* Release */,
			);
			defaultConfigurationIsVisible = 0;
			defaultConfigurationName = Release;
		};
		484540A32B408FB200A60118 /* Build configuration list for PBXNativeTarget "GHFollowers" */ = {
			isa = XCConfigurationList;
			buildConfigurations = (
				484540A42B408FB200A60118 /* Debug */,
				484540A52B408FB200A60118 /* Release */,
			);
			defaultConfigurationIsVisible = 0;
			defaultConfigurationName = Release;
		};
/* End XCConfigurationList section */
	};
	rootObject = 484540872B408FAB00A60118 /* Project object */;
}
